
Microsoft Visual Studio Solution File, Format Version 12.00
# Visual Studio 15
VisualStudioVersion = 15.0.28307.572
MinimumVisualStudioVersion = 10.0.40219.1
Project("{FAE04EC0-301F-11D3-BF4B-00C04F79EFBC}") = "AbstractUniversity", "AbstractUniversity\AbstractUniversity.csproj", "{E4708B05-B894-4665-AA4B-53C07D5E61FD}"
EndProject
Project("{FAE04EC0-301F-11D3-BF4B-00C04F79EFBC}") = "AbstractUniversityDAL", "AbstractUniversityDAL\AbstractUniversityDAL.csproj", "{7387B776-4082-494D-A241-CBFB6628EBB6}"
EndProject
Project("{FAE04EC0-301F-11D3-BF4B-00C04F79EFBC}") = "AbstractUniversityImplemenDataBase", "AbstractUniversityImplementList\AbstractUniversityImplemenDataBase.csproj", "{48F985B4-3A67-46BB-8565-CD50AA211D1F}"
EndProject
Project("{FAE04EC0-301F-11D3-BF4B-00C04F79EFBC}") = "AbstractUniversityView", "AbstractUniversityView\AbstractUniversityView.csproj", "{004FAF0A-AA29-4A6B-810E-D79F22D3B158}"
EndProject
Global
	GlobalSection(SolutionConfigurationPlatforms) = preSolution
		Debug|Any CPU = Debug|Any CPU
		Release|Any CPU = Release|Any CPU
	EndGlobalSection
	GlobalSection(ProjectConfigurationPlatforms) = postSolution
		{E4708B05-B894-4665-AA4B-53C07D5E61FD}.Debug|Any CPU.ActiveCfg = Debug|Any CPU
		{E4708B05-B894-4665-AA4B-53C07D5E61FD}.Debug|Any CPU.Build.0 = Debug|Any CPU
		{E4708B05-B894-4665-AA4B-53C07D5E61FD}.Release|Any CPU.ActiveCfg = Release|Any CPU
		{E4708B05-B894-4665-AA4B-53C07D5E61FD}.Release|Any CPU.Build.0 = Release|Any CPU
		{7387B776-4082-494D-A241-CBFB6628EBB6}.Debug|Any CPU.ActiveCfg = Debug|Any CPU
		{7387B776-4082-494D-A241-CBFB6628EBB6}.Debug|Any CPU.Build.0 = Debug|Any CPU
		{7387B776-4082-494D-A241-CBFB6628EBB6}.Release|Any CPU.ActiveCfg = Release|Any CPU
		{7387B776-4082-494D-A241-CBFB6628EBB6}.Release|Any CPU.Build.0 = Release|Any CPU
		{48F985B4-3A67-46BB-8565-CD50AA211D1F}.Debug|Any CPU.ActiveCfg = Debug|Any CPU
		{48F985B4-3A67-46BB-8565-CD50AA211D1F}.Debug|Any CPU.Build.0 = Debug|Any CPU
		{48F985B4-3A67-46BB-8565-CD50AA211D1F}.Release|Any CPU.ActiveCfg = Release|Any CPU
		{48F985B4-3A67-46BB-8565-CD50AA211D1F}.Release|Any CPU.Build.0 = Release|Any CPU
		{004FAF0A-AA29-4A6B-810E-D79F22D3B158}.Debug|Any CPU.ActiveCfg = Debug|Any CPU
		{004FAF0A-AA29-4A6B-810E-D79F22D3B158}.Debug|Any CPU.Build.0 = Debug|Any CPU
		{004FAF0A-AA29-4A6B-810E-D79F22D3B158}.Release|Any CPU.ActiveCfg = Release|Any CPU
		{004FAF0A-AA29-4A6B-810E-D79F22D3B158}.Release|Any CPU.Build.0 = Release|Any CPU
	EndGlobalSection
	GlobalSection(SolutionProperties) = preSolution
		HideSolutionNode = FALSE
	EndGlobalSection
	GlobalSection(ExtensibilityGlobals) = postSolution
		SolutionGuid = {118CBCB9-14FE-49C7-9FE6-E91D0F2E77F0}
	EndGlobalSection
EndGlobal
